
Microsoft Visual Studio Solution File, Format Version 12.00
# Visual Studio Version 18
VisualStudioVersion = 18.0.11222.15 d18.0
MinimumVisualStudioVersion = 10.0.40219.1
Project("{FAE04EC0-301F-11D3-BF4B-00C04F79EFBC}") = "uchat_server", "uchat_server\uchat_server.csproj", "{A581FD31-8FAC-44B9-AA8B-48E8C6E6F83C}"
EndProject
Project("{FAE04EC0-301F-11D3-BF4B-00C04F79EFBC}") = "uchat_client", "uchat\uchat_client.csproj", "{AEDA9BC0-E07B-4144-8CFB-B54DDA002C4F}"
EndProject
Project("{FAE04EC0-301F-11D3-BF4B-00C04F79EFBC}") = "uchat_gui", "uchat_gui\uchat_gui.csproj", "{C2CF7BAD-1BCC-4969-9662-F87D3A11A674}"
EndProject
Global
	GlobalSection(SolutionConfigurationPlatforms) = preSolution
		Debug|Any CPU = Debug|Any CPU
		Debug|x64 = Debug|x64
		Debug|x86 = Debug|x86
		Release|Any CPU = Release|Any CPU
		Release|x64 = Release|x64
		Release|x86 = Release|x86
	EndGlobalSection
	GlobalSection(ProjectConfigurationPlatforms) = postSolution
		{A581FD31-8FAC-44B9-AA8B-48E8C6E6F83C}.Debug|Any CPU.ActiveCfg = Debug|Any CPU
		{A581FD31-8FAC-44B9-AA8B-48E8C6E6F83C}.Debug|Any CPU.Build.0 = Debug|Any CPU
		{A581FD31-8FAC-44B9-AA8B-48E8C6E6F83C}.Debug|x64.ActiveCfg = Debug|Any CPU
		{A581FD31-8FAC-44B9-AA8B-48E8C6E6F83C}.Debug|x64.Build.0 = Debug|Any CPU
		{A581FD31-8FAC-44B9-AA8B-48E8C6E6F83C}.Debug|x86.ActiveCfg = Debug|Any CPU
		{A581FD31-8FAC-44B9-AA8B-48E8C6E6F83C}.Debug|x86.Build.0 = Debug|Any CPU
		{A581FD31-8FAC-44B9-AA8B-48E8C6E6F83C}.Release|Any CPU.ActiveCfg = Release|Any CPU
		{A581FD31-8FAC-44B9-AA8B-48E8C6E6F83C}.Release|Any CPU.Build.0 = Release|Any CPU
		{A581FD31-8FAC-44B9-AA8B-48E8C6E6F83C}.Release|x64.ActiveCfg = Release|Any CPU
		{A581FD31-8FAC-44B9-AA8B-48E8C6E6F83C}.Release|x64.Build.0 = Release|Any CPU
		{A581FD31-8FAC-44B9-AA8B-48E8C6E6F83C}.Release|x86.ActiveCfg = Release|Any CPU
		{A581FD31-8FAC-44B9-AA8B-48E8C6E6F83C}.Release|x86.Build.0 = Release|Any CPU
		{AEDA9BC0-E07B-4144-8CFB-B54DDA002C4F}.Debug|Any CPU.ActiveCfg = Debug|Any CPU
		{AEDA9BC0-E07B-4144-8CFB-B54DDA002C4F}.Debug|Any CPU.Build.0 = Debug|Any CPU
		{AEDA9BC0-E07B-4144-8CFB-B54DDA002C4F}.Debug|x64.ActiveCfg = Debug|Any CPU
		{AEDA9BC0-E07B-4144-8CFB-B54DDA002C4F}.Debug|x64.Build.0 = Debug|Any CPU
		{AEDA9BC0-E07B-4144-8CFB-B54DDA002C4F}.Debug|x86.ActiveCfg = Debug|Any CPU
		{AEDA9BC0-E07B-4144-8CFB-B54DDA002C4F}.Debug|x86.Build.0 = Debug|Any CPU
		{AEDA9BC0-E07B-4144-8CFB-B54DDA002C4F}.Release|Any CPU.ActiveCfg = Release|Any CPU
		{AEDA9BC0-E07B-4144-8CFB-B54DDA002C4F}.Release|Any CPU.Build.0 = Release|Any CPU
		{AEDA9BC0-E07B-4144-8CFB-B54DDA002C4F}.Release|x64.ActiveCfg = Release|Any CPU
		{AEDA9BC0-E07B-4144-8CFB-B54DDA002C4F}.Release|x64.Build.0 = Release|Any CPU
		{AEDA9BC0-E07B-4144-8CFB-B54DDA002C4F}.Release|x86.ActiveCfg = Release|Any CPU
		{AEDA9BC0-E07B-4144-8CFB-B54DDA002C4F}.Release|x86.Build.0 = Release|Any CPU
		{C2CF7BAD-1BCC-4969-9662-F87D3A11A674}.Debug|Any CPU.ActiveCfg = Debug|Any CPU
		{C2CF7BAD-1BCC-4969-9662-F87D3A11A674}.Debug|Any CPU.Build.0 = Debug|Any CPU
		{C2CF7BAD-1BCC-4969-9662-F87D3A11A674}.Debug|x64.ActiveCfg = Debug|Any CPU
		{C2CF7BAD-1BCC-4969-9662-F87D3A11A674}.Debug|x64.Build.0 = Debug|Any CPU
		{C2CF7BAD-1BCC-4969-9662-F87D3A11A674}.Debug|x86.ActiveCfg = Debug|Any CPU
		{C2CF7BAD-1BCC-4969-9662-F87D3A11A674}.Debug|x86.Build.0 = Debug|Any CPU
		{C2CF7BAD-1BCC-4969-9662-F87D3A11A674}.Release|Any CPU.ActiveCfg = Release|Any CPU
		{C2CF7BAD-1BCC-4969-9662-F87D3A11A674}.Release|Any CPU.Build.0 = Release|Any CPU
		{C2CF7BAD-1BCC-4969-9662-F87D3A11A674}.Release|x64.ActiveCfg = Release|Any CPU
		{C2CF7BAD-1BCC-4969-9662-F87D3A11A674}.Release|x64.Build.0 = Release|Any CPU
		{C2CF7BAD-1BCC-4969-9662-F87D3A11A674}.Release|x86.ActiveCfg = Release|Any CPU
		{C2CF7BAD-1BCC-4969-9662-F87D3A11A674}.Release|x86.Build.0 = Release|Any CPU
	EndGlobalSection
	GlobalSection(SolutionProperties) = preSolution
		HideSolutionNode = FALSE
	EndGlobalSection
	GlobalSection(ExtensibilityGlobals) = postSolution
		SolutionGuid = {47B3C70C-C627-4FD7-B3C7-B07CFC7A1909}
	EndGlobalSection
EndGlobal
